
Microsoft Visual Studio Solution File, Format Version 12.00
# Visual Studio 15
VisualStudioVersion = 15.0.26124.0
MinimumVisualStudioVersion = 15.0.26124.0
Project("{FAE04EC0-301F-11D3-BF4B-00C04F79EFBC}") = "adr", "adr\adr.csproj", "{3584B7DF-6182-4724-98CF-D29B5E4BFB5A}"
EndProject
Project("{FAE04EC0-301F-11D3-BF4B-00C04F79EFBC}") = "adrtest", "adrtest\adrtest.csproj", "{C505715C-165C-456D-9C47-911A09034CFA}"
EndProject
Global
	GlobalSection(SolutionConfigurationPlatforms) = preSolution
		Debug|Any CPU = Debug|Any CPU
		Debug|x64 = Debug|x64
		Debug|x86 = Debug|x86
		Release|Any CPU = Release|Any CPU
		Release|x64 = Release|x64
		Release|x86 = Release|x86
	EndGlobalSection
	GlobalSection(SolutionProperties) = preSolution
		HideSolutionNode = FALSE
	EndGlobalSection
	GlobalSection(ProjectConfigurationPlatforms) = postSolution
		{3584B7DF-6182-4724-98CF-D29B5E4BFB5A}.Debug|Any CPU.ActiveCfg = Debug|Any CPU
		{3584B7DF-6182-4724-98CF-D29B5E4BFB5A}.Debug|Any CPU.Build.0 = Debug|Any CPU
		{3584B7DF-6182-4724-98CF-D29B5E4BFB5A}.Debug|x64.ActiveCfg = Debug|Any CPU
		{3584B7DF-6182-4724-98CF-D29B5E4BFB5A}.Debug|x64.Build.0 = Debug|Any CPU
		{3584B7DF-6182-4724-98CF-D29B5E4BFB5A}.Debug|x86.ActiveCfg = Debug|Any CPU
		{3584B7DF-6182-4724-98CF-D29B5E4BFB5A}.Debug|x86.Build.0 = Debug|Any CPU
		{3584B7DF-6182-4724-98CF-D29B5E4BFB5A}.Release|Any CPU.ActiveCfg = Release|Any CPU
		{3584B7DF-6182-4724-98CF-D29B5E4BFB5A}.Release|Any CPU.Build.0 = Release|Any CPU
		{3584B7DF-6182-4724-98CF-D29B5E4BFB5A}.Release|x64.ActiveCfg = Release|Any CPU
		{3584B7DF-6182-4724-98CF-D29B5E4BFB5A}.Release|x64.Build.0 = Release|Any CPU
		{3584B7DF-6182-4724-98CF-D29B5E4BFB5A}.Release|x86.ActiveCfg = Release|Any CPU
		{3584B7DF-6182-4724-98CF-D29B5E4BFB5A}.Release|x86.Build.0 = Release|Any CPU
		{C505715C-165C-456D-9C47-911A09034CFA}.Debug|Any CPU.ActiveCfg = Debug|Any CPU
		{C505715C-165C-456D-9C47-911A09034CFA}.Debug|Any CPU.Build.0 = Debug|Any CPU
		{C505715C-165C-456D-9C47-911A09034CFA}.Debug|x64.ActiveCfg = Debug|Any CPU
		{C505715C-165C-456D-9C47-911A09034CFA}.Debug|x64.Build.0 = Debug|Any CPU
		{C505715C-165C-456D-9C47-911A09034CFA}.Debug|x86.ActiveCfg = Debug|Any CPU
		{C505715C-165C-456D-9C47-911A09034CFA}.Debug|x86.Build.0 = Debug|Any CPU
		{C505715C-165C-456D-9C47-911A09034CFA}.Release|Any CPU.ActiveCfg = Release|Any CPU
		{C505715C-165C-456D-9C47-911A09034CFA}.Release|Any CPU.Build.0 = Release|Any CPU
		{C505715C-165C-456D-9C47-911A09034CFA}.Release|x64.ActiveCfg = Release|Any CPU
		{C505715C-165C-456D-9C47-911A09034CFA}.Release|x64.Build.0 = Release|Any CPU
		{C505715C-165C-456D-9C47-911A09034CFA}.Release|x86.ActiveCfg = Release|Any CPU
		{C505715C-165C-456D-9C47-911A09034CFA}.Release|x86.Build.0 = Release|Any CPU
	EndGlobalSection
EndGlobal
